[{<<"beam_olympics">>,
  {git,"git@github.com:inaka/beam_olympics.git",
       {ref,"6934e3af3f9f2eae80c8766b1ac5ea50f8b175dd"}},
  0},
 {<<"cowboy">>,{pkg,<<"cowboy">>,<<"1.0.4">>},0},
 {<<"cowlib">>,{pkg,<<"cowlib">>,<<"1.0.2">>},1},
 {<<"eini">>,{pkg,<<"eini">>,<<"1.2.1">>},1},
 {<<"eper">>,{pkg,<<"eper">>,<<"0.94.0">>},1},
 {<<"epocxy">>,{pkg,<<"epocxy">>,<<"1.1.0">>},1},
 {<<"erlcloud">>,{pkg,<<"erlcloud">>,<<"0.13.6">>},0},
 {<<"goldrush">>,{pkg,<<"goldrush">>,<<"0.1.8">>},3},
 {<<"jiffy">>,{pkg,<<"jiffy">>,<<"0.14.7">>},0},
 {<<"jsx">>,{pkg,<<"jsx">>,<<"2.8.0">>},1},
 {<<"lager">>,{pkg,<<"lager">>,<<"3.2.1">>},2},
 {<<"lhttpc">>,{pkg,<<"lhttpc">>,<<"1.4.0">>},1},
 {<<"quickrand">>,{pkg,<<"quickrand">>,<<"1.3.3">>},3},
 {<<"ranch">>,{pkg,<<"ranch">>,<<"1.2.1">>},1},
 {<<"sumo_db">>,{pkg,<<"sumo_db">>,<<"0.6.1">>},1},
 {<<"uuid_erl">>,{pkg,<<"uuid_erl">>,<<"1.5.2-rc1">>},2},
 {<<"worker_pool">>,{pkg,<<"worker_pool">>,<<"2.0.1">>},2}].
