[{<<"beam_olympics">>,
  {git,"git@github.com:inaka/beam_olympics.git",
       {ref,"05a4821bcc4a0e8fbb0413a2fa47d08269fea445"}},
  0},
 {<<"eper">>,{pkg,<<"eper">>,<<"0.94.0">>},1},
 {<<"epocxy">>,
  {git,"https://github.com/inaka/epocxy.git",
       {ref,"2b6a7c482051e16d9f81a3aa7b0b99592963de93"}},
  1},
 {<<"goldrush">>,
  {git,"git://github.com/DeadZen/goldrush.git",
       {ref,"212299233c7e7eb63a97be2777e1c05ebaa58dbe"}},
  3},
 {<<"lager">>,
  {git,"https://github.com/basho/lager.git",
       {ref,"8187757388c9adc915379caaab36a2f2ca26e944"}},
  2},
 {<<"proper">>,
  {git,"https://github.com/manopapad/proper",
       {ref,"e90343ea01a7cb0d4a18c341c7f7d9e35483d713"}},
  2},
 {<<"quickrand">>,
  {git,"https://github.com/okeuday/quickrand.git",
       {ref,"559e5e3f28bb2bf51acbc38f1c47b12c10094117"}},
  3},
 {<<"sumo_db">>,
  {git,"https://github.com/inaka/sumo_db.git",
       {ref,"905ab1d3bed1b05289c7ee51180c7ba386920e72"}},
  1},
 {<<"uuid">>,
  {git,"https://github.com/okeuday/uuid.git",
       {ref,"0b0da764bb7a37726b41e3eccada1ff0e0e5120c"}},
  2},
 {<<"worker_pool">>,
  {git,"https://github.com/inaka/worker_pool.git",
       {ref,"94fd1633413e553e5ee1f302b5ad23488510dd70"}},
  2}].
